
Microsoft Visual Studio Solution File, Format Version 12.00
# Visual Studio Version 16
VisualStudioVersion = 16.0.31515.178
MinimumVisualStudioVersion = 10.0.40219.1
Project("{FAE04EC0-301F-11D3-BF4B-00C04F79EFBC}") = "InheritanceForSummerSchool", "InheritanceForSummerSchool.csproj", "{21ED3AD8-878B-4B86-B6CD-E87359ECE9DB}"
EndProject
Global
	GlobalSection(SolutionConfigurationPlatforms) = preSolution
		Debug|Any CPU = Debug|Any CPU
		Release|Any CPU = Release|Any CPU
	EndGlobalSection
	GlobalSection(ProjectConfigurationPlatforms) = postSolution
		{21ED3AD8-878B-4B86-B6CD-E87359ECE9DB}.Debug|Any CPU.ActiveCfg = Debug|Any CPU
		{21ED3AD8-878B-4B86-B6CD-E87359ECE9DB}.Debug|Any CPU.Build.0 = Debug|Any CPU
		{21ED3AD8-878B-4B86-B6CD-E87359ECE9DB}.Release|Any CPU.ActiveCfg = Release|Any CPU
		{21ED3AD8-878B-4B86-B6CD-E87359ECE9DB}.Release|Any CPU.Build.0 = Release|Any CPU
	EndGlobalSection
	GlobalSection(SolutionProperties) = preSolution
		HideSolutionNode = FALSE
	EndGlobalSection
	GlobalSection(ExtensibilityGlobals) = postSolution
		SolutionGuid = {94F52B3A-27B8-4360-8236-0A474E963649}
	EndGlobalSection
EndGlobal
